// !$*UTF8*$!
{
	archiveVersion = 1;
	classes = {
	};
	objectVersion = 50;
	objects = {

/* Begin PBXBuildFile section */
		3EB7D7052089ADFB00017C1A /* DBManager.swift in Sources */ = {isa = PBXBuildFile; fileRef = 3EB7D7042089ADFB00017C1A /* DBManager.swift */; };
		3EB7D7072089AE5B00017C1A /* Item.swift in Sources */ = {isa = PBXBuildFile; fileRef = 3EB7D7062089AE5B00017C1A /* Item.swift */; };
		3EB7D7092089D05B00017C1A /* Completed.swift in Sources */ = {isa = PBXBuildFile; fileRef = 3EB7D7082089D05B00017C1A /* Completed.swift */; };
		3EB7D70B2089D09500017C1A /* Deleted.swift in Sources */ = {isa = PBXBuildFile; fileRef = 3EB7D70A2089D09500017C1A /* Deleted.swift */; };
		3ECD92BF2087B2550008C9F9 /* AppDelegate.swift in Sources */ = {isa = PBXBuildFile; fileRef = 3ECD92BE2087B2550008C9F9 /* AppDelegate.swift */; };
		3ECD92C12087B2550008C9F9 /* ViewController.swift in Sources */ = {isa = PBXBuildFile; fileRef = 3ECD92C02087B2550008C9F9 /* ViewController.swift */; };
		3ECD92C42087B2550008C9F9 /* Main.storyboard in Resources */ = {isa = PBXBuildFile; fileRef = 3ECD92C22087B2550008C9F9 /* Main.storyboard */; };
		3ECD92C62087B2570008C9F9 /* Assets.xcassets in Resources */ = {isa = PBXBuildFile; fileRef = 3ECD92C52087B2570008C9F9 /* Assets.xcassets */; };
		3ECD92C92087B2570008C9F9 /* LaunchScreen.storyboard in Resources */ = {isa = PBXBuildFile; fileRef = 3ECD92C72087B2570008C9F9 /* LaunchScreen.storyboard */; };
		3ECD92D12087B4CC0008C9F9 /* SecondVC.swift in Sources */ = {isa = PBXBuildFile; fileRef = 3ECD92D02087B4CC0008C9F9 /* SecondVC.swift */; };
		4AC20AC63C97F75DE3173007 /* Pods_RealmDemo.framework in Frameworks */ = {isa = PBXBuildFile; fileRef = 611A71A83871808BA0C6B07E /* Pods_RealmDemo.framework */; };
/* End PBXBuildFile section */

/* Begin PBXFileReference section */
		21207D72C21E7AB407BCEA1B /* Pods-RealmDemo.debug.xcconfig */ = {isa = PBXFileReference; includeInIndex = 1; lastKnownFileType = text.xcconfig; name = "Pods-RealmDemo.debug.xcconfig"; path = "Pods/Target Support Files/Pods-RealmDemo/Pods-RealmDemo.debug.xcconfig"; sourceTree = "<group>"; };
		3EB7D7042089ADFB00017C1A /* DBManager.swift */ = {isa = PBXFileReference; lastKnownFileType = sourcecode.swift; path = DBManager.swift; sourceTree = "<group>"; };
		3EB7D7062089AE5B00017C1A /* Item.swift */ = {isa = PBXFileReference; lastKnownFileType = sourcecode.swift; path = Item.swift; sourceTree = "<group>"; };
		3EB7D7082089D05B00017C1A /* Completed.swift */ = {isa = PBXFileReference; lastKnownFileType = sourcecode.swift; path = Completed.swift; sourceTree = "<group>"; };
		3EB7D70A2089D09500017C1A /* Deleted.swift */ = {isa = PBXFileReference; lastKnownFileType = sourcecode.swift; path = Deleted.swift; sourceTree = "<group>"; };
		3ECD92BB2087B2550008C9F9 /* RealmDemo.app */ = {isa = PBXFileReference; explicitFileType = wrapper.application; includeInIndex = 0; path = RealmDemo.app; sourceTree = BUILT_PRODUCTS_DIR; };
		3ECD92BE2087B2550008C9F9 /* AppDelegate.swift */ = {isa = PBXFileReference; lastKnownFileType = sourcecode.swift; path = AppDelegate.swift; sourceTree = "<group>"; };
		3ECD92C02087B2550008C9F9 /* ViewController.swift */ = {isa = PBXFileReference; lastKnownFileType = sourcecode.swift; path = ViewController.swift; sourceTree = "<group>"; };
		3ECD92C32087B2550008C9F9 /* Base */ = {isa = PBXFileReference; lastKnownFileType = file.storyboard; name = Base; path = Base.lproj/Main.storyboard; sourceTree = "<group>"; };
		3ECD92C52087B2570008C9F9 /* Assets.xcassets */ = {isa = PBXFileReference; lastKnownFileType = folder.assetcatalog; path = Assets.xcassets; sourceTree = "<group>"; };
		3ECD92C82087B2570008C9F9 /* Base */ = {isa = PBXFileReference; lastKnownFileType = file.storyboard; name = Base; path = Base.lproj/LaunchScreen.storyboard; sourceTree = "<group>"; };
		3ECD92CA2087B2570008C9F9 /* Info.plist */ = {isa = PBXFileReference; lastKnownFileType = text.plist.xml; path = Info.plist; sourceTree = "<group>"; };
		3ECD92D02087B4CC0008C9F9 /* SecondVC.swift */ = {isa = PBXFileReference; lastKnownFileType = sourcecode.swift; path = SecondVC.swift; sourceTree = "<group>"; };
		5C1E122F704C0AA300677C12 /* Pods-RealmDemo.release.xcconfig */ = {isa = PBXFileReference; includeInIndex = 1; lastKnownFileType = text.xcconfig; name = "Pods-RealmDemo.release.xcconfig"; path = "Pods/Target Support Files/Pods-RealmDemo/Pods-RealmDemo.release.xcconfig"; sourceTree = "<group>"; };
		611A71A83871808BA0C6B07E /* Pods_RealmDemo.framework */ = {isa = PBXFileReference; explicitFileType = wrapper.framework; includeInIndex = 0; path = Pods_RealmDemo.framework; sourceTree = BUILT_PRODUCTS_DIR; };
/* End PBXFileReference section */

/* Begin PBXFrameworksBuildPhase section */
		3ECD92B82087B2550008C9F9 /* Frameworks */ = {
			isa = PBXFrameworksBuildPhase;
			buildActionMask = 2147483647;
			files = (
				4AC20AC63C97F75DE3173007 /* Pods_RealmDemo.framework in Frameworks */,
			);
			runOnlyForDeploymentPostprocessing = 0;
		};
/* End PBXFrameworksBuildPhase section */

/* Begin PBXGroup section */
		14583AE35690C272441644CD /* Pods */ = {
			isa = PBXGroup;
			children = (
				21207D72C21E7AB407BCEA1B /* Pods-RealmDemo.debug.xcconfig */,
				5C1E122F704C0AA300677C12 /* Pods-RealmDemo.release.xcconfig */,
			);
			name = Pods;
			sourceTree = "<group>";
		};
		3ECD92B22087B2550008C9F9 = {
			isa = PBXGroup;
			children = (
				3ECD92BD2087B2550008C9F9 /* RealmDemo */,
				3ECD92BC2087B2550008C9F9 /* Products */,
				14583AE35690C272441644CD /* Pods */,
				7A5A51E48F28ECEFA18815B0 /* Frameworks */,
			);
			sourceTree = "<group>";
		};
		3ECD92BC2087B2550008C9F9 /* Products */ = {
			isa = PBXGroup;
			children = (
				3ECD92BB2087B2550008C9F9 /* RealmDemo.app */,
			);
			name = Products;
			sourceTree = "<group>";
		};
		3ECD92BD2087B2550008C9F9 /* RealmDemo */ = {
			isa = PBXGroup;
			children = (
				3ECD92BE2087B2550008C9F9 /* AppDelegate.swift */,
				3ECD92C02087B2550008C9F9 /* ViewController.swift */,
				3ECD92D02087B4CC0008C9F9 /* SecondVC.swift */,
				3ECD92C22087B2550008C9F9 /* Main.storyboard */,
				3ECD92C52087B2570008C9F9 /* Assets.xcassets */,
				3ECD92C72087B2570008C9F9 /* LaunchScreen.storyboard */,
				3ECD92CA2087B2570008C9F9 /* Info.plist */,
				3EB7D7042089ADFB00017C1A /* DBManager.swift */,
				3EB7D7062089AE5B00017C1A /* Item.swift */,
				3EB7D7082089D05B00017C1A /* Completed.swift */,
				3EB7D70A2089D09500017C1A /* Deleted.swift */,
			);
			path = RealmDemo;
			sourceTree = "<group>";
		};
		7A5A51E48F28ECEFA18815B0 /* Frameworks */ = {
			isa = PBXGroup;
			children = (
				611A71A83871808BA0C6B07E /* Pods_RealmDemo.framework */,
			);
			name = Frameworks;
			sourceTree = "<group>";
		};
/* End PBXGroup section */

/* Begin PBXNativeTarget section */
		3ECD92BA2087B2550008C9F9 /* RealmDemo */ = {
			isa = PBXNativeTarget;
			buildConfigurationList = 3ECD92CD2087B2570008C9F9 /* Build configuration list for PBXNativeTarget "RealmDemo" */;
			buildPhases = (
				9F99B6F0E29BEEE92C4FD42E /* [CP] Check Pods Manifest.lock */,
				3ECD92B72087B2550008C9F9 /* Sources */,
				3ECD92B82087B2550008C9F9 /* Frameworks */,
				3ECD92B92087B2550008C9F9 /* Resources */,
				2B5A778CB847C49D64F456CB /* [CP] Embed Pods Frameworks */,
			);
			buildRules = (
			);
			dependencies = (
			);
			name = RealmDemo;
			productName = RealmDemo;
			productReference = 3ECD92BB2087B2550008C9F9 /* RealmDemo.app */;
			productType = "com.apple.product-type.application";
		};
/* End PBXNativeTarget section */

/* Begin PBXProject section */
		3ECD92B32087B2550008C9F9 /* Project object */ = {
			isa = PBXProject;
			attributes = {
				LastSwiftUpdateCheck = 0930;
				LastUpgradeCheck = 0930;
				ORGANIZATIONNAME = MuhammadKhan;
				TargetAttributes = {
					3ECD92BA2087B2550008C9F9 = {
						CreatedOnToolsVersion = 9.3;
					};
				};
			};
			buildConfigurationList = 3ECD92B62087B2550008C9F9 /* Build configuration list for PBXProject "RealmDemo" */;
			compatibilityVersion = "Xcode 9.3";
			developmentRegion = en;
			hasScannedForEncodings = 0;
			knownRegions = (
				en,
				Base,
			);
			mainGroup = 3ECD92B22087B2550008C9F9;
			productRefGroup = 3ECD92BC2087B2550008C9F9 /* Products */;
			projectDirPath = "";
			projectRoot = "";
			targets = (
				3ECD92BA2087B2550008C9F9 /* RealmDemo */,
			);
		};
/* End PBXProject section */

/* Begin PBXResourcesBuildPhase section */
		3ECD92B92087B2550008C9F9 /* Resources */ = {
			isa = PBXResourcesBuildPhase;
			buildActionMask = 2147483647;
			files = (
				3ECD92C92087B2570008C9F9 /* LaunchScreen.storyboard in Resources */,
				3ECD92C62087B2570008C9F9 /* Assets.xcassets in Resources */,
				3ECD92C42087B2550008C9F9 /* Main.storyboard in Resources */,
			);
			runOnlyForDeploymentPostprocessing = 0;
		};
/* End PBXResourcesBuildPhase section */

/* Begin PBXShellScriptBuildPhase section */
		2B5A778CB847C49D64F456CB /* [CP] Embed Pods Frameworks */ = {
			isa = PBXShellScriptBuildPhase;
			buildActionMask = 2147483647;
			files = (
			);
			inputPaths = (
				"${SRCROOT}/Pods/Target Support Files/Pods-RealmDemo/Pods-RealmDemo-frameworks.sh",
				"${BUILT_PRODUCTS_DIR}/Realm/Realm.framework",
				"${BUILT_PRODUCTS_DIR}/RealmSwift/RealmSwift.framework",
			);
			name = "[CP] Embed Pods Frameworks";
			outputPaths = (
				"${TARGET_BUILD_DIR}/${FRAMEWORKS_FOLDER_PATH}/Realm.framework",
				"${TARGET_BUILD_DIR}/${FRAMEWORKS_FOLDER_PATH}/RealmSwift.framework",
			);
			runOnlyForDeploymentPostprocessing = 0;
			shellPath = /bin/sh;
			shellScript = "\"${SRCROOT}/Pods/Target Support Files/Pods-RealmDemo/Pods-RealmDemo-frameworks.sh\"\n";
			showEnvVarsInLog = 0;
		};
		9F99B6F0E29BEEE92C4FD42E /* [CP] Check Pods Manifest.lock */ = {
			isa = PBXShellScriptBuildPhase;
			buildActionMask = 2147483647;
			files = (
			);
			inputPaths = (
				"${PODS_PODFILE_DIR_PATH}/Podfile.lock",
				"${PODS_ROOT}/Manifest.lock",
			);
			name = "[CP] Check Pods Manifest.lock";
			outputPaths = (
				"$(DERIVED_FILE_DIR)/Pods-RealmDemo-checkManifestLockResult.txt",
			);
			runOnlyForDeploymentPostprocessing = 0;
			shellPath = /bin/sh;
			shellScript = "diff \"${PODS_PODFILE_DIR_PATH}/Podfile.lock\" \"${PODS_ROOT}/Manifest.lock\" > /dev/null\nif [ $? != 0 ] ; then\n    # print error to STDERR\n    echo \"error: The sandbox is not in sync with the Podfile.lock. Run 'pod install' or update your CocoaPods installation.\" >&2\n    exit 1\nfi\n# This output is used by Xcode 'outputs' to avoid re-running this script phase.\necho \"SUCCESS\" > \"${SCRIPT_OUTPUT_FILE_0}\"\n";
			showEnvVarsInLog = 0;
		};
/* End PBXShellScriptBuildPhase section */

/* Begin PBXSourcesBuildPhase section */
		3ECD92B72087B2550008C9F9 /* Sources */ = {
			isa = PBXSourcesBuildPhase;
			buildActionMask = 2147483647;
			files = (
				3EB7D70B2089D09500017C1A /* Deleted.swift in Sources */,
				3EB7D7072089AE5B00017C1A /* Item.swift in Sources */,
				3ECD92C12087B2550008C9F9 /* ViewController.swift in Sources */,
				3ECD92D12087B4CC0008C9F9 /* SecondVC.swift in Sources */,
				3EB7D7092089D05B00017C1A /* Completed.swift in Sources */,
				3ECD92BF2087B2550008C9F9 /* AppDelegate.swift in Sources */,
				3EB7D7052089ADFB00017C1A /* DBManager.swift in Sources */,
			);
			runOnlyForDeploymentPostprocessing = 0;
		};
/* End PBXSourcesBuildPhase section */

/* Begin PBXVariantGroup section */
		3ECD92C22087B2550008C9F9 /* Main.storyboard */ = {
			isa = PBXVariantGroup;
			children = (
				3ECD92C32087B2550008C9F9 /* Base */,
			);
			name = Main.storyboard;
			sourceTree = "<group>";
		};
		3ECD92C72087B2570008C9F9 /* LaunchScreen.storyboard */ = {
			isa = PBXVariantGroup;
			children = (
				3ECD92C82087B2570008C9F9 /* Base */,
			);
			name = LaunchScreen.storyboard;
			sourceTree = "<group>";
		};
/* End PBXVariantGroup section */

/* Begin XCBuildConfiguration section */
		3ECD92CB2087B2570008C9F9 /* Debug */ = {
			isa = XCBuildConfiguration;
			buildSettings = {
				ALWAYS_SEARCH_USER_PATHS = NO;
				CLANG_ANALYZER_NONNULL = YES;
				CLANG_ANALYZER_NUMBER_OBJECT_CONVERSION = YES_AGGRESSIVE;
				CLANG_CXX_LANGUAGE_STANDARD = "gnu++14";
				CLANG_CXX_LIBRARY = "libc++";
				CLANG_ENABLE_MODULES = YES;
				CLANG_ENABLE_OBJC_ARC = YES;
				CLANG_ENABLE_OBJC_WEAK = YES;
				CLANG_WARN_BLOCK_CAPTURE_AUTORELEASING = YES;
				CLANG_WARN_BOOL_CONVERSION = YES;
				CLANG_WARN_COMMA = YES;
				CLANG_WARN_CONSTANT_CONVERSION = YES;
				CLANG_WARN_DEPRECATED_OBJC_IMPLEMENTATIONS = YES;
				CLANG_WARN_DIRECT_OBJC_ISA_USAGE = YES_ERROR;
				CLANG_WARN_DOCUMENTATION_COMMENTS = YES;
				CLANG_WARN_EMPTY_BODY = YES;
				CLANG_WARN_ENUM_CONVERSION = YES;
				CLANG_WARN_INFINITE_RECURSION = YES;
				CLANG_WARN_INT_CONVERSION = YES;
				CLANG_WARN_NON_LITERAL_NULL_CONVERSION = YES;
				CLANG_WARN_OBJC_IMPLICIT_RETAIN_SELF = YES;
				CLANG_WARN_OBJC_LITERAL_CONVERSION = YES;
				CLANG_WARN_OBJC_ROOT_CLASS = YES_ERROR;
				CLANG_WARN_RANGE_LOOP_ANALYSIS = YES;
				CLANG_WARN_STRICT_PROTOTYPES = YES;
				CLANG_WARN_SUSPICIOUS_MOVE = YES;
				CLANG_WARN_UNGUARDED_AVAILABILITY = YES_AGGRESSIVE;
				CLANG_WARN_UNREACHABLE_CODE = YES;
				CLANG_WARN__DUPLICATE_METHOD_MATCH = YES;
				CODE_SIGN_IDENTITY = "iPhone Developer";
				COPY_PHASE_STRIP = NO;
				DEBUG_INFORMATION_FORMAT = dwarf;
				ENABLE_STRICT_OBJC_MSGSEND = YES;
				ENABLE_TESTABILITY = YES;
				GCC_C_LANGUAGE_STANDARD = gnu11;
				GCC_DYNAMIC_NO_PIC = NO;
				GCC_NO_COMMON_BLOCKS = YES;
				GCC_OPTIMIZATION_LEVEL = 0;
				GCC_PREPROCESSOR_DEFINITIONS = (
					"DEBUG=1",
					"$(inherited)",
				);
				GCC_WARN_64_TO_32_BIT_CONVERSION = YES;
				GCC_WARN_ABOUT_RETURN_TYPE = YES_ERROR;
				GCC_WARN_UNDECLARED_SELECTOR = YES;
				GCC_WARN_UNINITIALIZED_AUTOS = YES_AGGRESSIVE;
				GCC_WARN_UNUSED_FUNCTION = YES;
				GCC_WARN_UNUSED_VARIABLE = YES;
				IPHONEOS_DEPLOYMENT_TARGET = 11.3;
				MTL_ENABLE_DEBUG_INFO = YES;
				ONLY_ACTIVE_ARCH = YES;
				SDKROOT = iphoneos;
				SWIFT_ACTIVE_COMPILATION_CONDITIONS = DEBUG;
				SWIFT_OPTIMIZATION_LEVEL = "-Onone";
			};
			name = Debug;
		};
		3ECD92CC2087B2570008C9F9 /* Release */ = {
			isa = XCBuildConfiguration;
			buildSettings = {
				ALWAYS_SEARCH_USER_PATHS = NO;
				CLANG_ANALYZER_NONNULL = YES;
				CLANG_ANALYZER_NUMBER_OBJECT_CONVERSION = YES_AGGRESSIVE;
				CLANG_CXX_LANGUAGE_STANDARD = "gnu++14";
				CLANG_CXX_LIBRARY = "libc++";
				CLANG_ENABLE_MODULES = YES;
				CLANG_ENABLE_OBJC_ARC = YES;
				CLANG_ENABLE_OBJC_WEAK = YES;
				CLANG_WARN_BLOCK_CAPTURE_AUTORELEASING = YES;
				CLANG_WARN_BOOL_CONVERSION = YES;
				CLANG_WARN_COMMA = YES;
				CLANG_WARN_CONSTANT_CONVERSION = YES;
				CLANG_WARN_DEPRECATED_OBJC_IMPLEMENTATIONS = YES;
				CLANG_WARN_DIRECT_OBJC_ISA_USAGE = YES_ERROR;
				CLANG_WARN_DOCUMENTATION_COMMENTS = YES;
				CLANG_WARN_EMPTY_BODY = YES;
				CLANG_WARN_ENUM_CONVERSION = YES;
				CLANG_WARN_INFINITE_RECURSION = YES;
				CLANG_WARN_INT_CONVERSION = YES;
				CLANG_WARN_NON_LITERAL_NULL_CONVERSION = YES;
				CLANG_WARN_OBJC_IMPLICIT_RETAIN_SELF = YES;
				CLANG_WARN_OBJC_LITERAL_CONVERSION = YES;
				CLANG_WARN_OBJC_ROOT_CLASS = YES_ERROR;
				CLANG_WARN_RANGE_LOOP_ANALYSIS = YES;
				CLANG_WARN_STRICT_PROTOTYPES = YES;
				CLANG_WARN_SUSPICIOUS_MOVE = YES;
				CLANG_WARN_UNGUARDED_AVAILABILITY = YES_AGGRESSIVE;
				CLANG_WARN_UNREACHABLE_CODE = YES;
				CLANG_WARN__DUPLICATE_METHOD_MATCH = YES;
				CODE_SIGN_IDENTITY = "iPhone Developer";
				COPY_PHASE_STRIP = NO;
				DEBUG_INFORMATION_FORMAT = "dwarf-with-dsym";
				ENABLE_NS_ASSERTIONS = NO;
				ENABLE_STRICT_OBJC_MSGSEND = YES;
				GCC_C_LANGUAGE_STANDARD = gnu11;
				GCC_NO_COMMON_BLOCKS = YES;
				GCC_WARN_64_TO_32_BIT_CONVERSION = YES;
				GCC_WARN_ABOUT_RETURN_TYPE = YES_ERROR;
				GCC_WARN_UNDECLARED_SELECTOR = YES;
				GCC_WARN_UNINITIALIZED_AUTOS = YES_AGGRESSIVE;
				GCC_WARN_UNUSED_FUNCTION = YES;
				GCC_WARN_UNUSED_VARIABLE = YES;
				IPHONEOS_DEPLOYMENT_TARGET = 11.3;
				MTL_ENABLE_DEBUG_INFO = NO;
				SDKROOT = iphoneos;
				SWIFT_COMPILATION_MODE = wholemodule;
				SWIFT_OPTIMIZATION_LEVEL = "-O";
				VALIDATE_PRODUCT = YES;
			};
			name = Release;
		};
		3ECD92CE2087B2570008C9F9 /* Debug */ = {
			isa = XCBuildConfiguration;
			baseConfigurationReference = 21207D72C21E7AB407BCEA1B /* Pods-RealmDemo.debug.xcconfig */;
			buildSettings = {
				ASSETCATALOG_COMPILER_APPICON_NAME = AppIcon;
				CODE_SIGN_STYLE = Automatic;
				DEVELOPMENT_TEAM = BFW29W59H3;
				INFOPLIST_FILE = RealmDemo/Info.plist;
				IPHONEOS_DEPLOYMENT_TARGET = 11.0;
				LD_RUNPATH_SEARCH_PATHS = (
					"$(inherited)",
					"@executable_path/Frameworks",
				);
				PRODUCT_BUNDLE_IDENTIFIER = com.mk.RealmDemo;
				PRODUCT_NAME = "$(TARGET_NAME)";
				SWIFT_VERSION = 4.0;
				TARGETED_DEVICE_FAMILY = "1,2";
			};
			name = Debug;
		};
		3ECD92CF2087B2570008C9F9 /* Release */ = {
			isa = XCBuildConfiguration;
			baseConfigurationReference = 5C1E122F704C0AA300677C12 /* Pods-RealmDemo.release.xcconfig */;
			buildSettings = {
				ASSETCATALOG_COMPILER_APPICON_NAME = AppIcon;
				CODE_SIGN_STYLE = Automatic;
				DEVELOPMENT_TEAM = BFW29W59H3;
				INFOPLIST_FILE = RealmDemo/Info.plist;
				IPHONEOS_DEPLOYMENT_TARGET = 11.0;
				LD_RUNPATH_SEARCH_PATHS = (
					"$(inherited)",
					"@executable_path/Frameworks",
				);
				PRODUCT_BUNDLE_IDENTIFIER = com.mk.RealmDemo;
				PRODUCT_NAME = "$(TARGET_NAME)";
				SWIFT_VERSION = 4.0;
				TARGETED_DEVICE_FAMILY = "1,2";
			};
			name = Release;
		};
/* End XCBuildConfiguration section */

/* Begin XCConfigurationList section */
		3ECD92B62087B2550008C9F9 /* Build configuration list for PBXProject "RealmDemo" */ = {
			isa = XCConfigurationList;
			buildConfigurations = (
				3ECD92CB2087B2570008C9F9 /* Debug */,
				3ECD92CC2087B2570008C9F9 /* Release */,
			);
			defaultConfigurationIsVisible = 0;
			defaultConfigurationName = Release;
		};
		3ECD92CD2087B2570008C9F9 /* Build configuration list for PBXNativeTarget "RealmDemo" */ = {
			isa = XCConfigurationList;
			buildConfigurations = (
				3ECD92CE2087B2570008C9F9 /* Debug */,
				3ECD92CF2087B2570008C9F9 /* Release */,
			);
			defaultConfigurationIsVisible = 0;
			defaultConfigurationName = Release;
		};
/* End XCConfigurationList section */
	};
	rootObject = 3ECD92B32087B2550008C9F9 /* Project object */;
}
